
Microsoft Visual Studio Solution File, Format Version 12.00
# Visual Studio Version 17
VisualStudioVersion = 17.3.32901.215
MinimumVisualStudioVersion = 10.0.40219.1
Project("{FAE04EC0-301F-11D3-BF4B-00C04F79EFBC}") = "RSA", "RSA\RSA.csproj", "{F17EA636-CC4F-41FA-9895-11F66F7CD1AB}"
EndProject
Project("{FAE04EC0-301F-11D3-BF4B-00C04F79EFBC}") = "ClassLibrary", "ClassLibrary\ClassLibrary.csproj", "{BB2ACDEA-F9B0-4DD4-AAB3-9028B37E1383}"
EndProject
Global
	GlobalSection(SolutionConfigurationPlatforms) = preSolution
		Debug|Any CPU = Debug|Any CPU
		Release|Any CPU = Release|Any CPU
	EndGlobalSection
	GlobalSection(ProjectConfigurationPlatforms) = postSolution
		{F17EA636-CC4F-41FA-9895-11F66F7CD1AB}.Debug|Any CPU.ActiveCfg = Debug|Any CPU
		{F17EA636-CC4F-41FA-9895-11F66F7CD1AB}.Debug|Any CPU.Build.0 = Debug|Any CPU
		{F17EA636-CC4F-41FA-9895-11F66F7CD1AB}.Release|Any CPU.ActiveCfg = Release|Any CPU
		{F17EA636-CC4F-41FA-9895-11F66F7CD1AB}.Release|Any CPU.Build.0 = Release|Any CPU
		{BB2ACDEA-F9B0-4DD4-AAB3-9028B37E1383}.Debug|Any CPU.ActiveCfg = Debug|Any CPU
		{BB2ACDEA-F9B0-4DD4-AAB3-9028B37E1383}.Debug|Any CPU.Build.0 = Debug|Any CPU
		{BB2ACDEA-F9B0-4DD4-AAB3-9028B37E1383}.Release|Any CPU.ActiveCfg = Release|Any CPU
		{BB2ACDEA-F9B0-4DD4-AAB3-9028B37E1383}.Release|Any CPU.Build.0 = Release|Any CPU
	EndGlobalSection
	GlobalSection(SolutionProperties) = preSolution
		HideSolutionNode = FALSE
	EndGlobalSection
	GlobalSection(ExtensibilityGlobals) = postSolution
		SolutionGuid = {5F04E1C5-776E-4C70-99EA-15F18858F1DD}
	EndGlobalSection
EndGlobal
